
Microsoft Visual Studio Solution File, Format Version 12.00
# Visual Studio Version 17
VisualStudioVersion = 17.3.32929.385
MinimumVisualStudioVersion = 10.0.40219.1
Project("{8BC9CEB8-8B4A-11D0-8D11-00A0C91BC942}") = "MT2_8_0", "MT2_8_0.vcxproj", "{64344B8C-2C9F-45BD-B287-318C453BDBFA}"
EndProject
Global
	GlobalSection(SolutionConfigurationPlatforms) = preSolution
		Debug|x64 = Debug|x64
		Release|x64 = Release|x64
	EndGlobalSection
	GlobalSection(ProjectConfigurationPlatforms) = postSolution
		{64344B8C-2C9F-45BD-B287-318C453BDBFA}.Debug|x64.ActiveCfg = Debug|x64
		{64344B8C-2C9F-45BD-B287-318C453BDBFA}.Debug|x64.Build.0 = Debug|x64
		{64344B8C-2C9F-45BD-B287-318C453BDBFA}.Release|x64.ActiveCfg = Release|x64
		{64344B8C-2C9F-45BD-B287-318C453BDBFA}.Release|x64.Build.0 = Release|x64
	EndGlobalSection
	GlobalSection(SolutionProperties) = preSolution
		HideSolutionNode = FALSE
	EndGlobalSection
	GlobalSection(ExtensibilityGlobals) = postSolution
		SolutionGuid = {7280A9BD-493E-4CB5-B48D-E833A48267D0}
	EndGlobalSection
EndGlobal
